{
    "_meta": {
        "hash": {
            "sha256": "7b13f95dfd183dc82640f7b43484f1b9f65d7ac35d07361a904294f6ebe22361"
        },
        "pipfile-spec": 6,
        "requires": {},
        "sources": [
            {
                "name": "pypi",
                "url": "https://pypi.python.org/simple",
                "verify_ssl": true
            }
        ]
    },
    "default": {
        "keyboard": {
            "hashes": [
                "sha256:2e3df91bcea49d0a2f808af8689724ad0c28348faee4a9e0739f8e83963d2be3",
                "sha256:58912e4be21529fc5b57f89af7f90b0b5f5af4db08c74a8233821700eaabf189",
                "sha256:d4375e4be666a91b71e782fdffa017cbf1a6de98f8c9fe8b66e9386944380c45"
            ],
            "index": "pypi",
            "version": "==0.13.2"
        },
        "mouse": {
            "hashes": [
                "sha256:448ec56ee5729e7c315bec1dccc72becf53fae0464c4757991e3846841018de3",
                "sha256:b833411f0e3aa3083ef0176effb9afe8dae5e33d09ae151208f12f39d1a283a2"
            ],
            "index": "pypi",
            "version": "==0.7.0"
        },
        "pypiwin32": {
            "hashes": [
                "sha256:67adf399debc1d5d14dffc1ab5acacb800da569754fafdc576b2a039485aa775",
                "sha256:71be40c1fbd28594214ecaecb58e7aa8b708eabfa0125c8a109ebd51edbd776a"
            ],
            "index": "pypi",
            "version": "==223"
        },
        "pywin32": {
            "hashes": [
                "sha256:0df9b008caef10af0d674c483316c28dcf78391332d9d5d380fab667ebf2d7d1",
                "sha256:249391eb924b8376826e6f84d143d1dcc0e400b238b511d5fbd3811f6ed9ad50",
                "sha256:42f48567e36b787901ff3da20de5a134cd9880cc90832e2aad60951f058699f0",
                "sha256:9eff897796c9d76a213134257a01b6f8a122c55e0772847fba313a8091f3ec44",
                "sha256:c7ea0deabcc324e5b74084b5452003109c592d1aedbe9e9289ed55b26d9b0c7f",
                "sha256:da422d4067d98b49fbb19d851900a5fc38c61eab0ee803574c27c42309173ebe",
                "sha256:f0f0e7c82ee334dd6e888b9b5beb05fd8947355fa7a15644c810bb4ea0079ca6",
                "sha256:fb3c85907918fd01a72ee146d323d220771dee151c0cfa5630c2f35797ffb116"
            ],
            "version": "==223"
        }
    },
    "develop": {}
}
