{
    "_meta": {
        "hash": {
            "sha256": "6cdc00c8b12aadf37707b730e5e089aa474d5e455de89acf0155c4cba9718500"
        },
        "pipfile-spec": 6,
        "requires": {},
        "sources": [
            {
                "name": "pypi",
                "url": "https://pypi.python.org/simple",
                "verify_ssl": true
            }
        ]
    },
    "default": {
        "keyboard": {
            "hashes": [
                "sha256:58912e4be21529fc5b57f89af7f90b0b5f5af4db08c74a8233821700eaabf189",
                "sha256:d4375e4be666a91b71e782fdffa017cbf1a6de98f8c9fe8b66e9386944380c45"
            ],
            "index": "pypi",
            "version": "==0.13.2"
        },
        "mouse": {
            "hashes": [
                "sha256:448ec56ee5729e7c315bec1dccc72becf53fae0464c4757991e3846841018de3",
                "sha256:b833411f0e3aa3083ef0176effb9afe8dae5e33d09ae151208f12f39d1a283a2"
            ],
            "index": "pypi",
            "version": "==0.7.0"
        },
        "pypiwin32": {
            "hashes": [
                "sha256:67adf399debc1d5d14dffc1ab5acacb800da569754fafdc576b2a039485aa775",
                "sha256:71be40c1fbd28594214ecaecb58e7aa8b708eabfa0125c8a109ebd51edbd776a"
            ],
            "index": "pypi",
            "version": "==223"
        },
        "pywin32": {
            "hashes": [
                "sha256:0443e9bb196e72480f50cbddc2cf98fbb858a77d02e281ba79489ea3287b36e9",
                "sha256:09bbe7cdb29eb40ab2e83f7a232eeeedde864be7a0622b70a90f456aad07a234",
                "sha256:0d8e0f47808798d320c983574c36c49db642678902933a210edd40157d206fd0",
                "sha256:0db7c9f4b93528afd080d35912a60be2f86a1d6c49c0a9cf9cedd106eed81ea3",
                "sha256:749e590875051661ecefbd9dfa957a485016de0f25e43f5e70f888ef1e29587b",
                "sha256:779d3e9d4b934f2445d2920c3941416d99af72eb7f7fd57a63576cc8aa540ad6",
                "sha256:7c89d2c11a31c7aaa16dc4d25054d7e0e99d6f6b24193cf62c83850484658c87",
                "sha256:81f7732b662c46274d7d8c411c905d53e71999cba95457a0686467c3ebc745ca",
                "sha256:9db1fb8830bfa99c5bfd335d4482c14db5c6f5028db3b006787ef4200206242b",
                "sha256:bd8d04835db28646d9e07fd0ab7c7b18bd90e89dfdc559e60389179495ef30da",
                "sha256:fc6822a68afd79e97b015985dd455767c72009b81bcd18957068626c43f11e75",
                "sha256:fe6cfc2045931866417740b575231c7e12d69d481643be1493487ad53b089959"
            ],
            "version": "==225"
        }
    },
    "develop": {
        "certifi": {
            "hashes": [
                "sha256:e4f3620cfea4f83eedc95b24abd9cd56f3c4b146dd0177e83a21b4eb49e21e50",
                "sha256:fd7c7c74727ddcf00e9acd26bba8da604ffec95bf1c2144e67aff7a8b50e6cef"
            ],
            "version": "==2019.9.11"
        },
        "chardet": {
            "hashes": [
                "sha256:84ab92ed1c4d4f16916e05906b6b75a6c0fb5db821cc65e70cbd64a3e2a5eaae",
                "sha256:fc323ffcaeaed0e0a02bf4d117757b98aed530d9ed4531e3e15460124c106691"
            ],
            "version": "==3.0.4"
        },
        "idna": {
            "hashes": [
                "sha256:c357b3f628cf53ae2c4c05627ecc484553142ca23264e593d327bcde5e9c3407",
                "sha256:ea8b7f6188e6fa117537c3df7da9fc686d485087abf6ac197f9c46432f7e4a3c"
            ],
            "version": "==2.8"
        },
        "pkginfo": {
            "hashes": [
                "sha256:7424f2c8511c186cd5424bbf31045b77435b37a8d604990b79d4e70d741148bb",
                "sha256:a6d9e40ca61ad3ebd0b72fbadd4fba16e4c0e4df0428c041e01e06eb6ee71f32"
            ],
            "version": "==1.5.0.1"
        },
        "requests": {
            "hashes": [
                "sha256:11e007a8a2aa0323f5a921e9e6a2d7e4e67d9877e85773fba9ba6419025cbeb4",
                "sha256:9cf5292fcd0f598c671cfc1e0d7d1a7f13bb8085e9a590f48c010551dc6c4b31"
            ],
            "version": "==2.22.0"
        },
        "requests-toolbelt": {
            "hashes": [
                "sha256:380606e1d10dc85c3bd47bf5a6095f815ec007be7a8b69c878507068df059e6f",
                "sha256:968089d4584ad4ad7c171454f0a5c6dac23971e9472521ea3b6d49d610aa6fc0"
            ],
            "version": "==0.9.1"
        },
        "tqdm": {
            "hashes": [
                "sha256:abc25d0ce2397d070ef07d8c7e706aede7920da163c64997585d42d3537ece3d",
                "sha256:dd3fcca8488bb1d416aa7469d2f277902f26260c45aa86b667b074cd44b3b115"
            ],
            "version": "==4.36.1"
        },
        "twine": {
            "hashes": [
                "sha256:08eb132bbaec40c6d25b358f546ec1dc96ebd2638a86eea68769d9e67fe2b129",
                "sha256:2fd9a4d9ff0bcacf41fdc40c8cb0cfaef1f1859457c9653fd1b92237cc4e9f25"
            ],
            "index": "pypi",
            "version": "==1.11.0"
        },
        "urllib3": {
            "hashes": [
                "sha256:4c291ca23bbb55c76518905869ef34bdd5f0e46af7afe6861e8375643ffee1a0",
                "sha256:9a247273df709c4fedb38c711e44292304f73f39ab01beda9f6b9fc375669ac3"
            ],
            "index": "pypi",
            "version": "==1.24.2"
        }
    }
}
